
Microsoft Visual Studio Solution File, Format Version 12.00
# Visual Studio Version 16
VisualStudioVersion = 16.0.31105.61
MinimumVisualStudioVersion = 10.0.40219.1
Project("{FAE04EC0-301F-11D3-BF4B-00C04F79EFBC}") = "PrepocetEUR", "PrepocetEUR.csproj", "{26301B26-C47D-4375-BED6-4FE8BD947C4D}"
EndProject
Global
	GlobalSection(SolutionConfigurationPlatforms) = preSolution
		Debug|Any CPU = Debug|Any CPU
		Release|Any CPU = Release|Any CPU
	EndGlobalSection
	GlobalSection(ProjectConfigurationPlatforms) = postSolution
		{26301B26-C47D-4375-BED6-4FE8BD947C4D}.Debug|Any CPU.ActiveCfg = Debug|Any CPU
		{26301B26-C47D-4375-BED6-4FE8BD947C4D}.Debug|Any CPU.Build.0 = Debug|Any CPU
		{26301B26-C47D-4375-BED6-4FE8BD947C4D}.Release|Any CPU.ActiveCfg = Release|Any CPU
		{26301B26-C47D-4375-BED6-4FE8BD947C4D}.Release|Any CPU.Build.0 = Release|Any CPU
	EndGlobalSection
	GlobalSection(SolutionProperties) = preSolution
		HideSolutionNode = FALSE
	EndGlobalSection
	GlobalSection(ExtensibilityGlobals) = postSolution
		SolutionGuid = {1550E5CE-F20F-496F-83A3-74C5EAAF1D3F}
	EndGlobalSection
EndGlobal
